{
  "name": "react-site-wall",
  "lockfileVersion": 3,
  "requires": true,
  "packages": {
    "": {
      "dependencies": {
        "@xog/agentic": "^0.1.2",
        "@xog/creative": "^0.1.2"
      }
    },
    "node_modules/@xog/agentic": {
      "version": "0.1.2",
      "resolved": "https://registry.npmjs.org/@xog/agentic/-/agentic-0.1.2.tgz",
      "integrity": "sha512-d3CrjDgSo04gzBZYi0a8Ng1v5WC+GMhWd2ho4EnEV6AzGZqSxj0stgsPjqTR8uXDd3yh00f/udBiKea/0fZlJg==",
      "license": "MIT",
      "bin": {
        "agentic": "bin/agentic.mjs"
      },
      "engines": {
        "node": ">=18"
      }
    },
    "node_modules/@xog/creative": {
      "version": "0.1.2",
      "resolved": "https://registry.npmjs.org/@xog/creative/-/creative-0.1.2.tgz",
      "integrity": "sha512-XGCP0xkhZiMnfrYy7Zk298fnIVOfI5UUUvcESAKI3WOZsUxOMqrx2llE/BCvOj9Uun06uG88AUuF7wynTNfT1w==",
      "license": "MIT",
      "bin": {
        "creative": "bin/creative.mjs"
      },
      "engines": {
        "node": ">=18"
      }
    }
  }
}
